
Microsoft Visual Studio Solution File, Format Version 12.00
# SQL Server Management Studio Version 21
VisualStudioVersion = 17.14.36603.0
MinimumVisualStudioVersion = 10.0.40219.1
Project("{4F2E2C19-372F-40D8-9FA7-9D2138C6997A}") = "Grupo05", "Grupo05.ssmssqlproj", "{4414E001-8D4B-28F1-88D3-62591A400B01}"
EndProject
Global
	GlobalSection(SolutionConfigurationPlatforms) = preSolution
		Default|Default = Default|Default
	EndGlobalSection
	GlobalSection(ProjectConfigurationPlatforms) = postSolution
		{4414E001-8D4B-28F1-88D3-62591A400B01}.Default|Default.ActiveCfg = Default
		{AC2FB75C-963A-44F1-8A20-42C30EEA11DA}.Default|Default.ActiveCfg = Default
	EndGlobalSection
	GlobalSection(SolutionProperties) = preSolution
		HideSolutionNode = FALSE
	EndGlobalSection
	GlobalSection(ExtensibilityGlobals) = postSolution
		SolutionGuid = {636A222E-2A82-4A71-98A9-7140816CC4E1}
	EndGlobalSection
EndGlobal
